Microsoft Visual Studio Solution File, Format Version 12.00
# Visual Studio 15
VisualStudioVersion = 15.0.27428.2037
MinimumVisualStudioVersion = 10.0.40219.1
Project("{9A19103F-16F7-4668-BE54-9A1E7A4F7556}") = "TestConsole", "..\TestConsole\TestConsole.csproj", "{B434A0F1-6683-4991-90C9-AD8B85A22052}"
EndProject
Project("{9A19103F-16F7-4668-BE54-9A1E7A4F7556}") = "AaronLuna.ConsoleProgressBar", "AaronLuna.ConsoleProgressBar.csproj", "{A4005B21-9472-4371-83C2-9EB5CF78FEC7}"
EndProject
Project("{9A19103F-16F7-4668-BE54-9A1E7A4F7556}") = "AaronLuna.Common", "..\aaronluna-common\AaronLuna.Common\AaronLuna.Common.csproj", "{28C47BBD-1ACF-4F95-A745-F1DA10C3D2CA}"
EndProject
Global
	GlobalSection(SolutionConfigurationPlatforms) = preSolution
		Debug|Any CPU = Debug|Any CPU
		Release|Any CPU = Release|Any CPU
	EndGlobalSection
	GlobalSection(ProjectConfigurationPlatforms) = postSolution
		{B434A0F1-6683-4991-90C9-AD8B85A22052}.Debug|Any CPU.ActiveCfg = Debug|Any CPU
		{B434A0F1-6683-4991-90C9-AD8B85A22052}.Debug|Any CPU.Build.0 = Debug|Any CPU
		{B434A0F1-6683-4991-90C9-AD8B85A22052}.Release|Any CPU.ActiveCfg = Release|Any CPU
		{B434A0F1-6683-4991-90C9-AD8B85A22052}.Release|Any CPU.Build.0 = Release|Any CPU
		{A4005B21-9472-4371-83C2-9EB5CF78FEC7}.Debug|Any CPU.ActiveCfg = Debug|Any CPU
		{A4005B21-9472-4371-83C2-9EB5CF78FEC7}.Debug|Any CPU.Build.0 = Debug|Any CPU
		{A4005B21-9472-4371-83C2-9EB5CF78FEC7}.Release|Any CPU.ActiveCfg = Release|Any CPU
		{A4005B21-9472-4371-83C2-9EB5CF78FEC7}.Release|Any CPU.Build.0 = Release|Any CPU
		{28C47BBD-1ACF-4F95-A745-F1DA10C3D2CA}.Debug|Any CPU.ActiveCfg = Debug|Any CPU
		{28C47BBD-1ACF-4F95-A745-F1DA10C3D2CA}.Debug|Any CPU.Build.0 = Debug|Any CPU
		{28C47BBD-1ACF-4F95-A745-F1DA10C3D2CA}.Release|Any CPU.ActiveCfg = Release|Any CPU
		{28C47BBD-1ACF-4F95-A745-F1DA10C3D2CA}.Release|Any CPU.Build.0 = Release|Any CPU
	EndGlobalSection
	GlobalSection(SolutionProperties) = preSolution
		HideSolutionNode = FALSE
	EndGlobalSection
	GlobalSection(ExtensibilityGlobals) = postSolution
		SolutionGuid = {D6C13096-7E94-4900-9294-DA2CFC1D43F6}
	EndGlobalSection
EndGlobal
